
Microsoft Visual Studio Solution File, Format Version 12.00
# Visual Studio Version 17
VisualStudioVersion = 17.11.35303.130
MinimumVisualStudioVersion = 10.0.40219.1
Project("{FAE04EC0-301F-11D3-BF4B-00C04F79EFBC}") = "Teszt", "Teszt\Teszt.csproj", "{A1B2C07C-992D-466A-AE7A-7EDCC5F4C7D8}"
EndProject
Project("{FAE04EC0-301F-11D3-BF4B-00C04F79EFBC}") = "Teszt_UnitTeszt", "Teszt_UnitTeszt\Teszt_UnitTeszt.csproj", "{57B79A94-D769-41CF-8A35-CDC75ABDED5F}"
EndProject
Project("{FAE04EC0-301F-11D3-BF4B-00C04F79EFBC}") = "KorHenger", "KorHenger\KorHenger.csproj", "{EA3A310C-02A6-4B4E-B0F6-73A93CDD7417}"
EndProject
Project("{FAE04EC0-301F-11D3-BF4B-00C04F79EFBC}") = "KörHenger", "KörHenger\KörHenger.csproj", "{9DC18BD0-2C88-4054-833A-3E8078585E89}"
EndProject
Project("{FAE04EC0-301F-11D3-BF4B-00C04F79EFBC}") = "Negyzet", "Negyzet\Negyzet.csproj", "{0863B27E-C7C6-4255-AA19-96F4A5949929}"
EndProject
Project("{FAE04EC0-301F-11D3-BF4B-00C04F79EFBC}") = "Negyzet.Tests", "Negyzet.Tests\Negyzet.Tests.csproj", "{23C16FAF-57D5-42A4-8926-843385EB461C}"
EndProject
Project("{FAE04EC0-301F-11D3-BF4B-00C04F79EFBC}") = "KöHenger_UnitTest", "KöHenger_UnitTest\KöHenger_UnitTest.csproj", "{838491DB-3217-4EF6-A480-A6BEC7EBCBD1}"
EndProject
Project("{FAE04EC0-301F-11D3-BF4B-00C04F79EFBC}") = "AtvaltOOP", "AtvaltOOP\AtvaltOOP.csproj", "{D95D7CF6-6631-40C9-A475-34D4D93B4B13}"
EndProject
Project("{FAE04EC0-301F-11D3-BF4B-00C04F79EFBC}") = "AtvaltOOP_UnitTeszt", "AtvaltOOP_UnitTeszt\AtvaltOOP_UnitTeszt.csproj", "{23786E80-6E0B-4D02-AEF3-C25A0E646F2F}"
EndProject
Project("{FAE04EC0-301F-11D3-BF4B-00C04F79EFBC}") = "Haromszogek", "Haromszogek\Haromszogek.csproj", "{70D7E94B-FCD6-4CDF-95E9-C38FF21DE824}"
EndProject
Project("{FAE04EC0-301F-11D3-BF4B-00C04F79EFBC}") = "Haromszogek_UnitTest", "Haromszogek_UnitTest\Haromszogek_UnitTest.csproj", "{3AA64F42-A25D-47C2-A8E1-4E603273F250}"
EndProject
Global
	GlobalSection(SolutionConfigurationPlatforms) = preSolution
		Debug|Any CPU = Debug|Any CPU
		Release|Any CPU = Release|Any CPU
	EndGlobalSection
	GlobalSection(ProjectConfigurationPlatforms) = postSolution
		{A1B2C07C-992D-466A-AE7A-7EDCC5F4C7D8}.Debug|Any CPU.ActiveCfg = Debug|Any CPU
		{A1B2C07C-992D-466A-AE7A-7EDCC5F4C7D8}.Debug|Any CPU.Build.0 = Debug|Any CPU
		{A1B2C07C-992D-466A-AE7A-7EDCC5F4C7D8}.Release|Any CPU.ActiveCfg = Release|Any CPU
		{A1B2C07C-992D-466A-AE7A-7EDCC5F4C7D8}.Release|Any CPU.Build.0 = Release|Any CPU
		{57B79A94-D769-41CF-8A35-CDC75ABDED5F}.Debug|Any CPU.ActiveCfg = Debug|Any CPU
		{57B79A94-D769-41CF-8A35-CDC75ABDED5F}.Debug|Any CPU.Build.0 = Debug|Any CPU
		{57B79A94-D769-41CF-8A35-CDC75ABDED5F}.Release|Any CPU.ActiveCfg = Release|Any CPU
		{57B79A94-D769-41CF-8A35-CDC75ABDED5F}.Release|Any CPU.Build.0 = Release|Any CPU
		{EA3A310C-02A6-4B4E-B0F6-73A93CDD7417}.Debug|Any CPU.ActiveCfg = Debug|Any CPU
		{EA3A310C-02A6-4B4E-B0F6-73A93CDD7417}.Debug|Any CPU.Build.0 = Debug|Any CPU
		{EA3A310C-02A6-4B4E-B0F6-73A93CDD7417}.Release|Any CPU.ActiveCfg = Release|Any CPU
		{EA3A310C-02A6-4B4E-B0F6-73A93CDD7417}.Release|Any CPU.Build.0 = Release|Any CPU
		{9DC18BD0-2C88-4054-833A-3E8078585E89}.Debug|Any CPU.ActiveCfg = Debug|Any CPU
		{9DC18BD0-2C88-4054-833A-3E8078585E89}.Debug|Any CPU.Build.0 = Debug|Any CPU
		{9DC18BD0-2C88-4054-833A-3E8078585E89}.Release|Any CPU.ActiveCfg = Release|Any CPU
		{9DC18BD0-2C88-4054-833A-3E8078585E89}.Release|Any CPU.Build.0 = Release|Any CPU
		{0863B27E-C7C6-4255-AA19-96F4A5949929}.Debug|Any CPU.ActiveCfg = Debug|Any CPU
		{0863B27E-C7C6-4255-AA19-96F4A5949929}.Debug|Any CPU.Build.0 = Debug|Any CPU
		{0863B27E-C7C6-4255-AA19-96F4A5949929}.Release|Any CPU.ActiveCfg = Release|Any CPU
		{0863B27E-C7C6-4255-AA19-96F4A5949929}.Release|Any CPU.Build.0 = Release|Any CPU
		{23C16FAF-57D5-42A4-8926-843385EB461C}.Debug|Any CPU.ActiveCfg = Debug|Any CPU
		{23C16FAF-57D5-42A4-8926-843385EB461C}.Debug|Any CPU.Build.0 = Debug|Any CPU
		{23C16FAF-57D5-42A4-8926-843385EB461C}.Release|Any CPU.ActiveCfg = Release|Any CPU
		{23C16FAF-57D5-42A4-8926-843385EB461C}.Release|Any CPU.Build.0 = Release|Any CPU
		{838491DB-3217-4EF6-A480-A6BEC7EBCBD1}.Debug|Any CPU.ActiveCfg = Debug|Any CPU
		{838491DB-3217-4EF6-A480-A6BEC7EBCBD1}.Debug|Any CPU.Build.0 = Debug|Any CPU
		{838491DB-3217-4EF6-A480-A6BEC7EBCBD1}.Release|Any CPU.ActiveCfg = Release|Any CPU
		{838491DB-3217-4EF6-A480-A6BEC7EBCBD1}.Release|Any CPU.Build.0 = Release|Any CPU
		{D95D7CF6-6631-40C9-A475-34D4D93B4B13}.Debug|Any CPU.ActiveCfg = Debug|Any CPU
		{D95D7CF6-6631-40C9-A475-34D4D93B4B13}.Debug|Any CPU.Build.0 = Debug|Any CPU
		{D95D7CF6-6631-40C9-A475-34D4D93B4B13}.Release|Any CPU.ActiveCfg = Release|Any CPU
		{D95D7CF6-6631-40C9-A475-34D4D93B4B13}.Release|Any CPU.Build.0 = Release|Any CPU
		{23786E80-6E0B-4D02-AEF3-C25A0E646F2F}.Debug|Any CPU.ActiveCfg = Debug|Any CPU
		{23786E80-6E0B-4D02-AEF3-C25A0E646F2F}.Debug|Any CPU.Build.0 = Debug|Any CPU
		{23786E80-6E0B-4D02-AEF3-C25A0E646F2F}.Release|Any CPU.ActiveCfg = Release|Any CPU
		{23786E80-6E0B-4D02-AEF3-C25A0E646F2F}.Release|Any CPU.Build.0 = Release|Any CPU
		{70D7E94B-FCD6-4CDF-95E9-C38FF21DE824}.Debug|Any CPU.ActiveCfg = Debug|Any CPU
		{70D7E94B-FCD6-4CDF-95E9-C38FF21DE824}.Debug|Any CPU.Build.0 = Debug|Any CPU
		{70D7E94B-FCD6-4CDF-95E9-C38FF21DE824}.Release|Any CPU.ActiveCfg = Release|Any CPU
		{70D7E94B-FCD6-4CDF-95E9-C38FF21DE824}.Release|Any CPU.Build.0 = Release|Any CPU
		{3AA64F42-A25D-47C2-A8E1-4E603273F250}.Debug|Any CPU.ActiveCfg = Debug|Any CPU
		{3AA64F42-A25D-47C2-A8E1-4E603273F250}.Debug|Any CPU.Build.0 = Debug|Any CPU
		{3AA64F42-A25D-47C2-A8E1-4E603273F250}.Release|Any CPU.ActiveCfg = Release|Any CPU
		{3AA64F42-A25D-47C2-A8E1-4E603273F250}.Release|Any CPU.Build.0 = Release|Any CPU
	EndGlobalSection
	GlobalSection(SolutionProperties) = preSolution
		HideSolutionNode = FALSE
	EndGlobalSection
	GlobalSection(ExtensibilityGlobals) = postSolution
		SolutionGuid = {B3095C2D-A2A9-4B5C-9EEB-B3B4348D146D}
	EndGlobalSection
EndGlobal
