
Microsoft Visual Studio Solution File, Format Version 12.00
# Visual Studio Version 16
VisualStudioVersion = 16.0.34301.259
MinimumVisualStudioVersion = 10.0.40219.1
Project("{FAE04EC0-301F-11D3-BF4B-00C04F79EFBC}") = "Teszt", "Teszt\Teszt.csproj", "{A1B2C07C-992D-466A-AE7A-7EDCC5F4C7D8}"
EndProject
Project("{FAE04EC0-301F-11D3-BF4B-00C04F79EFBC}") = "Teszt_UnitTeszt", "Teszt_UnitTeszt\Teszt_UnitTeszt.csproj", "{57B79A94-D769-41CF-8A35-CDC75ABDED5F}"
EndProject
Project("{FAE04EC0-301F-11D3-BF4B-00C04F79EFBC}") = "KorHenger", "KorHenger\KorHenger.csproj", "{EA3A310C-02A6-4B4E-B0F6-73A93CDD7417}"
EndProject
Project("{FAE04EC0-301F-11D3-BF4B-00C04F79EFBC}") = "KörHenger", "KörHenger\KörHenger.csproj", "{9DC18BD0-2C88-4054-833A-3E8078585E89}"
EndProject
Global
	GlobalSection(SolutionConfigurationPlatforms) = preSolution
		Debug|Any CPU = Debug|Any CPU
		Release|Any CPU = Release|Any CPU
	EndGlobalSection
	GlobalSection(ProjectConfigurationPlatforms) = postSolution
		{A1B2C07C-992D-466A-AE7A-7EDCC5F4C7D8}.Debug|Any CPU.ActiveCfg = Debug|Any CPU
		{A1B2C07C-992D-466A-AE7A-7EDCC5F4C7D8}.Debug|Any CPU.Build.0 = Debug|Any CPU
		{A1B2C07C-992D-466A-AE7A-7EDCC5F4C7D8}.Release|Any CPU.ActiveCfg = Release|Any CPU
		{A1B2C07C-992D-466A-AE7A-7EDCC5F4C7D8}.Release|Any CPU.Build.0 = Release|Any CPU
		{57B79A94-D769-41CF-8A35-CDC75ABDED5F}.Debug|Any CPU.ActiveCfg = Debug|Any CPU
		{57B79A94-D769-41CF-8A35-CDC75ABDED5F}.Debug|Any CPU.Build.0 = Debug|Any CPU
		{57B79A94-D769-41CF-8A35-CDC75ABDED5F}.Release|Any CPU.ActiveCfg = Release|Any CPU
		{57B79A94-D769-41CF-8A35-CDC75ABDED5F}.Release|Any CPU.Build.0 = Release|Any CPU
		{EA3A310C-02A6-4B4E-B0F6-73A93CDD7417}.Debug|Any CPU.ActiveCfg = Debug|Any CPU
		{EA3A310C-02A6-4B4E-B0F6-73A93CDD7417}.Debug|Any CPU.Build.0 = Debug|Any CPU
		{EA3A310C-02A6-4B4E-B0F6-73A93CDD7417}.Release|Any CPU.ActiveCfg = Release|Any CPU
		{EA3A310C-02A6-4B4E-B0F6-73A93CDD7417}.Release|Any CPU.Build.0 = Release|Any CPU
		{9DC18BD0-2C88-4054-833A-3E8078585E89}.Debug|Any CPU.ActiveCfg = Debug|Any CPU
		{9DC18BD0-2C88-4054-833A-3E8078585E89}.Debug|Any CPU.Build.0 = Debug|Any CPU
		{9DC18BD0-2C88-4054-833A-3E8078585E89}.Release|Any CPU.ActiveCfg = Release|Any CPU
		{9DC18BD0-2C88-4054-833A-3E8078585E89}.Release|Any CPU.Build.0 = Release|Any CPU
	EndGlobalSection
	GlobalSection(SolutionProperties) = preSolution
		HideSolutionNode = FALSE
	EndGlobalSection
	GlobalSection(ExtensibilityGlobals) = postSolution
		SolutionGuid = {B3095C2D-A2A9-4B5C-9EEB-B3B4348D146D}
	EndGlobalSection
EndGlobal
